Microsoft Visual Studio Solution File, Format Version 12.00
# Visual Studio Version 17
VisualStudioVersion = 17.5.2.0
MinimumVisualStudioVersion = 10.0.40219.1
Project("{FAE04EC0-301F-11D3-BF4B-00C04F79EFBC}") = "CalculoDescontoProgressivo", "CalculoDescontoProgressivo.csproj", "{DECAD05F-E808-BA99-04BC-7667F4A6594E}"
EndProject
Global
	GlobalSection(SolutionConfigurationPlatforms) = preSolution
		Debug|Any CPU = Debug|Any CPU
		Release|Any CPU = Release|Any CPU
	EndGlobalSection
	GlobalSection(ProjectConfigurationPlatforms) = postSolution
		{DECAD05F-E808-BA99-04BC-7667F4A6594E}.Debug|Any CPU.ActiveCfg = Debug|Any CPU
		{DECAD05F-E808-BA99-04BC-7667F4A6594E}.Debug|Any CPU.Build.0 = Debug|Any CPU
		{DECAD05F-E808-BA99-04BC-7667F4A6594E}.Release|Any CPU.ActiveCfg = Release|Any CPU
		{DECAD05F-E808-BA99-04BC-7667F4A6594E}.Release|Any CPU.Build.0 = Release|Any CPU
	EndGlobalSection
	GlobalSection(SolutionProperties) = preSolution
		HideSolutionNode = FALSE
	EndGlobalSection
	GlobalSection(ExtensibilityGlobals) = postSolution
		SolutionGuid = {C7B9E6D7-7A34-4F4D-A4D3-5EF83FEBBE2F}
	EndGlobalSection
EndGlobal
